Microsoft Visual Studio Solution File, Format Version 12.00
# Visual Studio Version 17
VisualStudioVersion = 17.14.36109.1
MinimumVisualStudioVersion = 10.0.40219.1
Project("{9A19103F-16F7-4668-BE54-9A1E7A4F7556}") = "AgileInspect", "AgileInspect.csproj", "{08AD6EE8-0138-45AC-B4B7-24E4B89F80CA}"
EndProject
Project("{9A19103F-16F7-4668-BE54-9A1E7A4F7556}") = "BrightnessChangePlugin", "..\BrightnessChangePlugin\BrightnessChangePlugin.csproj", "{DB4881A9-F954-41FE-8DC2-84207C81CCAE}"
EndProject
Project("{9A19103F-16F7-4668-BE54-9A1E7A4F7556}") = "AntivirusDetectorPlugin", "..\AntivirusDetectorPlugin\AntivirusDetectorPlugin.csproj", "{B764C3EC-BC24-4DE9-B188-05138243CCAB}"
EndProject
Project("{9A19103F-16F7-4668-BE54-9A1E7A4F7556}") = "FirewallDetectorPlugin", "..\FirewallDetectorPlugin\FirewallDetectorPlugin.csproj", "{57D84E77-D7C8-4FAF-9D7B-A3ABF79B90BB}"
EndProject
Project("{9A19103F-16F7-4668-BE54-9A1E7A4F7556}") = "InternetDetectorPlugin", "..\InternetDetectorPlugin\InternetDetectorPlugin.csproj", "{187C04FC-37AF-4DEA-A756-FA636B6A80DF}"
EndProject
Project("{9A19103F-16F7-4668-BE54-9A1E7A4F7556}") = "VpnDetectorPlugin", "..\VpnDetectorPlugin\VpnDetectorPlugin.csproj", "{7FA80BD6-CE81-4C6B-B6D5-02F7A22431D9}"
EndProject
Project("{9A19103F-16F7-4668-BE54-9A1E7A4F7556}") = "ExternalDiskDetectorPlugin", "..\ExternalDiskDetectorPlugin\ExternalDiskDetectorPlugin.csproj", "{89D28A85-ECDA-4C1C-BA9D-2EA2BCCB8E2E}"
EndProject
Project("{9A19103F-16F7-4668-BE54-9A1E7A4F7556}") = "HostFileMonitorPlugin", "..\HostFileMonitorPlugin\HostFileMonitorPlugin.csproj", "{E7986B34-CD22-4A7C-A120-3D8BACF01EE7}"
EndProject
Project("{9A19103F-16F7-4668-BE54-9A1E7A4F7556}") = "WatermarkDetectorPlugin", "..\WatermarkDetectorPlugin\WatermarkDetectorPlugin.csproj", "{A1B2C3D4-E5F6-4A7B-8C9D-0E1F2A3B4C5D}"
EndProject
Project("{9A19103F-16F7-4668-BE54-9A1E7A4F7556}") = "AiInteractionDetectorPlugin", "..\AiInteractionDetectorPlugin\AiInteractionDetectorPlugin.csproj", "{0BB65EA2-DC31-657B-57BF-22B8FDD82CF2}"
EndProject
Project("{9A19103F-16F7-4668-BE54-9A1E7A4F7556}") = "FocusWindowDetectorPlugin", "..\FocusWindowDetectorPlugin\FocusWindowDetectorPlugin.csproj", "{94DAA64F-BB29-8DD0-B75F-4C79B6150D72}"
EndProject
Project("{9A19103F-16F7-4668-BE54-9A1E7A4F7556}") = "PrintScreenDetectorPlugin", "..\PrintScreenDetectorPlugin\PrintScreenDetectorPlugin.csproj", "{420A4961-848B-39DB-9CB3-F75B08B07208}"
EndProject
Project("{9A19103F-16F7-4668-BE54-9A1E7A4F7556}") = "PrintDetectorPlugin", "..\PrintDetectorPlugin\PrintDetectorPlugin.csproj", "{DC26F7BE-61B2-4189-A2EE-0B312556CECA}"
EndProject
Project("{9A19103F-16F7-4668-BE54-9A1E7A4F7556}") = "ClipboardMonitorPlugin", "..\ClipboardMonitorPlugin\ClipboardMonitorPlugin.csproj", "{ED42B63D-D822-4C0C-AA6F-9BA392A5B2EB}"
EndProject
Project("{9A19103F-16F7-4668-BE54-9A1E7A4F7556}") = "ScreenLockPlugin", "..\ScreenLockPlugin\ScreenLockPlugin.csproj", "{F3E8A91B-2C4D-4E5F-9A1B-3C4D5E6F7A8B}"
EndProject
Project("{9A19103F-16F7-4668-BE54-9A1E7A4F7556}") = "AutoUpdatePlugin", "..\AutoUpdatePlugin\AutoUpdatePlugin.csproj", "{A7B8C9D0-E1F2-4A3B-8C5D-6E7F8A9B0C1D}"
EndProject
Project("{9A19103F-16F7-4668-BE54-9A1E7A4F7556}") = "UserPlugin", "..\UserPlugin\UserPlugin.csproj", "{2D3E4F5A-6B7C-4D8E-9F0A-1B2C3D4E5F6A}"
EndProject
Project("{9A19103F-16F7-4668-BE54-9A1E7A4F7556}") = "SecureBootPlugin", "..\SecureBootPlugin\SecureBootPlugin.csproj", "{8E9F0A1B-2C3D-4E5F-6A7B-8C9D0E1F2A3B}"
EndProject
Project("{9A19103F-16F7-4668-BE54-9A1E7A4F7556}") = "RdpPlugin", "..\RdpPlugin\RdpPlugin.csproj", "{4B5C6D7E-8F9A-4B0C-1D2E-3F4A5B6C7D8E}"
EndProject
Project("{9A19103F-16F7-4668-BE54-9A1E7A4F7556}") = "DevModePlugin", "..\DevModePlugin\DevModePlugin.csproj", "{0C1D2E3F-4A5B-4C6D-7E8F-9A0B1C2D3E4F}"
EndProject
Project("{9A19103F-16F7-4668-BE54-9A1E7A4F7556}") = "RemoteAccessToolsPlugin", "..\RemoteAccessToolsPlugin\RemoteAccessToolsPlugin.csproj", "{5F56D887-2C7E-45A5-9C35-2D1A93531E10}"
EndProject
Project("{9A19103F-16F7-4668-BE54-9A1E7A4F7556}") = "CloudSyncClientsPlugin", "..\CloudSyncClientsPlugin\CloudSyncClientsPlugin.csproj", "{2AA053D8-DBA8-4F32-BD10-A4CB3615E2E8}"
EndProject
Project("{9A19103F-16F7-4668-BE54-9A1E7A4F7556}") = "PersonalMessagingAppsPlugin", "..\PersonalMessagingAppsPlugin\PersonalMessagingAppsPlugin.csproj", "{341F570D-889A-4A83-813A-3AD048D3FC5D}"
EndProject
Project("{9A19103F-16F7-4668-BE54-9A1E7A4F7556}") = "UsbDevicePlugin", "..\UsbDevicePlugin\UsbDevicePlugin.csproj", "{A2F21174-6CF5-4580-B392-65F58C3CD9F4}"
EndProject
Project("{9A19103F-16F7-4668-BE54-9A1E7A4F7556}") = "UnknownBluetoothPlugin", "..\UnknownBluetoothPlugin\UnknownBluetoothPlugin.csproj", "{237EBB74-D38E-43F2-A5C6-D65121BAA6D8}"
EndProject
Project("{9A19103F-16F7-4668-BE54-9A1E7A4F7556}") = "ScreenSharingPlugin", "..\ScreenSharingPlugin\ScreenSharingPlugin.csproj", "{AC446840-C6E3-45EB-90A8-749D6DAB93CF}"
EndProject
Project("{9A19103F-16F7-4668-BE54-9A1E7A4F7556}") = "VirtualMachinePlugin", "..\VirtualMachinePlugin\VirtualMachinePlugin.csproj", "{3A83A675-0BFC-4B1A-A1B4-5D6BA7D7482E}"
EndProject
Global
	GlobalSection(SolutionConfigurationPlatforms) = preSolution
		Debug|x86 = Debug|x86
		Release|x86 = Release|x86
	EndGlobalSection
	GlobalSection(ProjectConfigurationPlatforms) = postSolution
		{08AD6EE8-0138-45AC-B4B7-24E4B89F80CA}.Debug|x86.ActiveCfg = Debug|x86
		{08AD6EE8-0138-45AC-B4B7-24E4B89F80CA}.Debug|x86.Build.0 = Debug|x86
		{08AD6EE8-0138-45AC-B4B7-24E4B89F80CA}.Release|x86.ActiveCfg = Release|x86
		{08AD6EE8-0138-45AC-B4B7-24E4B89F80CA}.Release|x86.Build.0 = Release|x86
		{DB4881A9-F954-41FE-8DC2-84207C81CCAE}.Debug|x86.ActiveCfg = Debug|x86
		{DB4881A9-F954-41FE-8DC2-84207C81CCAE}.Debug|x86.Build.0 = Debug|x86
		{DB4881A9-F954-41FE-8DC2-84207C81CCAE}.Release|x86.ActiveCfg = Release|x86
		{DB4881A9-F954-41FE-8DC2-84207C81CCAE}.Release|x86.Build.0 = Release|x86
		{B764C3EC-BC24-4DE9-B188-05138243CCAB}.Debug|x86.ActiveCfg = Debug|x86
		{B764C3EC-BC24-4DE9-B188-05138243CCAB}.Debug|x86.Build.0 = Debug|x86
		{B764C3EC-BC24-4DE9-B188-05138243CCAB}.Release|x86.ActiveCfg = Release|x86
		{B764C3EC-BC24-4DE9-B188-05138243CCAB}.Release|x86.Build.0 = Release|x86
		{57D84E77-D7C8-4FAF-9D7B-A3ABF79B90BB}.Debug|x86.ActiveCfg = Debug|x86
		{57D84E77-D7C8-4FAF-9D7B-A3ABF79B90BB}.Debug|x86.Build.0 = Debug|x86
		{57D84E77-D7C8-4FAF-9D7B-A3ABF79B90BB}.Release|x86.ActiveCfg = Release|x86
		{57D84E77-D7C8-4FAF-9D7B-A3ABF79B90BB}.Release|x86.Build.0 = Release|x86
		{187C04FC-37AF-4DEA-A756-FA636B6A80DF}.Debug|x86.ActiveCfg = Debug|x86
		{187C04FC-37AF-4DEA-A756-FA636B6A80DF}.Debug|x86.Build.0 = Debug|x86
		{187C04FC-37AF-4DEA-A756-FA636B6A80DF}.Release|x86.ActiveCfg = Release|x86
		{187C04FC-37AF-4DEA-A756-FA636B6A80DF}.Release|x86.Build.0 = Release|x86
		{7FA80BD6-CE81-4C6B-B6D5-02F7A22431D9}.Debug|x86.ActiveCfg = Debug|x86
		{7FA80BD6-CE81-4C6B-B6D5-02F7A22431D9}.Debug|x86.Build.0 = Debug|x86
		{7FA80BD6-CE81-4C6B-B6D5-02F7A22431D9}.Release|x86.ActiveCfg = Release|x86
		{7FA80BD6-CE81-4C6B-B6D5-02F7A22431D9}.Release|x86.Build.0 = Release|x86
		{89D28A85-ECDA-4C1C-BA9D-2EA2BCCB8E2E}.Debug|x86.ActiveCfg = Debug|x86
		{89D28A85-ECDA-4C1C-BA9D-2EA2BCCB8E2E}.Debug|x86.Build.0 = Debug|x86
		{89D28A85-ECDA-4C1C-BA9D-2EA2BCCB8E2E}.Release|x86.ActiveCfg = Release|x86
		{89D28A85-ECDA-4C1C-BA9D-2EA2BCCB8E2E}.Release|x86.Build.0 = Release|x86
		{E7986B34-CD22-4A7C-A120-3D8BACF01EE7}.Debug|x86.ActiveCfg = Debug|x86
		{E7986B34-CD22-4A7C-A120-3D8BACF01EE7}.Debug|x86.Build.0 = Debug|x86
		{E7986B34-CD22-4A7C-A120-3D8BACF01EE7}.Release|x86.ActiveCfg = Release|x86
		{E7986B34-CD22-4A7C-A120-3D8BACF01EE7}.Release|x86.Build.0 = Release|x86
		{A1B2C3D4-E5F6-4A7B-8C9D-0E1F2A3B4C5D}.Debug|x86.ActiveCfg = Debug|x86
		{A1B2C3D4-E5F6-4A7B-8C9D-0E1F2A3B4C5D}.Debug|x86.Build.0 = Debug|x86
		{A1B2C3D4-E5F6-4A7B-8C9D-0E1F2A3B4C5D}.Release|x86.ActiveCfg = Release|x86
		{A1B2C3D4-E5F6-4A7B-8C9D-0E1F2A3B4C5D}.Release|x86.Build.0 = Release|x86
		{0BB65EA2-DC31-657B-57BF-22B8FDD82CF2}.Debug|x86.ActiveCfg = Debug|x86
		{0BB65EA2-DC31-657B-57BF-22B8FDD82CF2}.Debug|x86.Build.0 = Debug|x86
		{0BB65EA2-DC31-657B-57BF-22B8FDD82CF2}.Release|x86.ActiveCfg = Release|x86
		{0BB65EA2-DC31-657B-57BF-22B8FDD82CF2}.Release|x86.Build.0 = Release|x86
		{94DAA64F-BB29-8DD0-B75F-4C79B6150D72}.Debug|x86.ActiveCfg = Debug|x86
		{94DAA64F-BB29-8DD0-B75F-4C79B6150D72}.Debug|x86.Build.0 = Debug|x86
		{94DAA64F-BB29-8DD0-B75F-4C79B6150D72}.Release|x86.ActiveCfg = Release|x86
		{94DAA64F-BB29-8DD0-B75F-4C79B6150D72}.Release|x86.Build.0 = Release|x86
		{420A4961-848B-39DB-9CB3-F75B08B07208}.Debug|x86.ActiveCfg = Debug|x86
		{420A4961-848B-39DB-9CB3-F75B08B07208}.Debug|x86.Build.0 = Debug|x86
		{420A4961-848B-39DB-9CB3-F75B08B07208}.Release|x86.ActiveCfg = Release|x86
		{420A4961-848B-39DB-9CB3-F75B08B07208}.Release|x86.Build.0 = Release|x86
		{DC26F7BE-61B2-4189-A2EE-0B312556CECA}.Debug|x86.ActiveCfg = Debug|x86
		{DC26F7BE-61B2-4189-A2EE-0B312556CECA}.Debug|x86.Build.0 = Debug|x86
		{DC26F7BE-61B2-4189-A2EE-0B312556CECA}.Release|x86.ActiveCfg = Release|x86
		{DC26F7BE-61B2-4189-A2EE-0B312556CECA}.Release|x86.Build.0 = Release|x86
		{ED42B63D-D822-4C0C-AA6F-9BA392A5B2EB}.Debug|x86.ActiveCfg = Debug|x86
		{ED42B63D-D822-4C0C-AA6F-9BA392A5B2EB}.Debug|x86.Build.0 = Debug|x86
		{ED42B63D-D822-4C0C-AA6F-9BA392A5B2EB}.Release|x86.ActiveCfg = Release|x86
		{ED42B63D-D822-4C0C-AA6F-9BA392A5B2EB}.Release|x86.Build.0 = Release|x86
		{F3E8A91B-2C4D-4E5F-9A1B-3C4D5E6F7A8B}.Debug|x86.ActiveCfg = Debug|x86
		{F3E8A91B-2C4D-4E5F-9A1B-3C4D5E6F7A8B}.Debug|x86.Build.0 = Debug|x86
		{F3E8A91B-2C4D-4E5F-9A1B-3C4D5E6F7A8B}.Release|x86.ActiveCfg = Release|x86
		{F3E8A91B-2C4D-4E5F-9A1B-3C4D5E6F7A8B}.Release|x86.Build.0 = Release|x86
		{A7B8C9D0-E1F2-4A3B-8C5D-6E7F8A9B0C1D}.Debug|x86.ActiveCfg = Debug|x86
		{A7B8C9D0-E1F2-4A3B-8C5D-6E7F8A9B0C1D}.Debug|x86.Build.0 = Debug|x86
		{A7B8C9D0-E1F2-4A3B-8C5D-6E7F8A9B0C1D}.Release|x86.ActiveCfg = Release|x86
		{A7B8C9D0-E1F2-4A3B-8C5D-6E7F8A9B0C1D}.Release|x86.Build.0 = Release|x86
		{2D3E4F5A-6B7C-4D8E-9F0A-1B2C3D4E5F6A}.Debug|x86.ActiveCfg = Debug|x86
		{2D3E4F5A-6B7C-4D8E-9F0A-1B2C3D4E5F6A}.Debug|x86.Build.0 = Debug|x86
		{2D3E4F5A-6B7C-4D8E-9F0A-1B2C3D4E5F6A}.Release|x86.ActiveCfg = Release|x86
		{2D3E4F5A-6B7C-4D8E-9F0A-1B2C3D4E5F6A}.Release|x86.Build.0 = Release|x86
		{8E9F0A1B-2C3D-4E5F-6A7B-8C9D0E1F2A3B}.Debug|x86.ActiveCfg = Debug|x86
		{8E9F0A1B-2C3D-4E5F-6A7B-8C9D0E1F2A3B}.Debug|x86.Build.0 = Debug|x86
		{8E9F0A1B-2C3D-4E5F-6A7B-8C9D0E1F2A3B}.Release|x86.ActiveCfg = Release|x86
		{8E9F0A1B-2C3D-4E5F-6A7B-8C9D0E1F2A3B}.Release|x86.Build.0 = Release|x86
		{4B5C6D7E-8F9A-4B0C-1D2E-3F4A5B6C7D8E}.Debug|x86.ActiveCfg = Debug|x86
		{4B5C6D7E-8F9A-4B0C-1D2E-3F4A5B6C7D8E}.Debug|x86.Build.0 = Debug|x86
		{4B5C6D7E-8F9A-4B0C-1D2E-3F4A5B6C7D8E}.Release|x86.ActiveCfg = Release|x86
		{4B5C6D7E-8F9A-4B0C-1D2E-3F4A5B6C7D8E}.Release|x86.Build.0 = Release|x86
		{0C1D2E3F-4A5B-4C6D-7E8F-9A0B1C2D3E4F}.Debug|x86.ActiveCfg = Debug|x86
		{0C1D2E3F-4A5B-4C6D-7E8F-9A0B1C2D3E4F}.Debug|x86.Build.0 = Debug|x86
		{0C1D2E3F-4A5B-4C6D-7E8F-9A0B1C2D3E4F}.Release|x86.ActiveCfg = Release|x86
		{0C1D2E3F-4A5B-4C6D-7E8F-9A0B1C2D3E4F}.Release|x86.Build.0 = Release|x86
		{5F56D887-2C7E-45A5-9C35-2D1A93531E10}.Debug|x86.ActiveCfg = Debug|x86
		{5F56D887-2C7E-45A5-9C35-2D1A93531E10}.Debug|x86.Build.0 = Debug|x86
		{5F56D887-2C7E-45A5-9C35-2D1A93531E10}.Release|x86.ActiveCfg = Release|x86
		{5F56D887-2C7E-45A5-9C35-2D1A93531E10}.Release|x86.Build.0 = Release|x86
		{2AA053D8-DBA8-4F32-BD10-A4CB3615E2E8}.Debug|x86.ActiveCfg = Debug|x86
		{2AA053D8-DBA8-4F32-BD10-A4CB3615E2E8}.Debug|x86.Build.0 = Debug|x86
		{2AA053D8-DBA8-4F32-BD10-A4CB3615E2E8}.Release|x86.ActiveCfg = Release|x86
		{2AA053D8-DBA8-4F32-BD10-A4CB3615E2E8}.Release|x86.Build.0 = Release|x86
		{341F570D-889A-4A83-813A-3AD048D3FC5D}.Debug|x86.ActiveCfg = Debug|x86
		{341F570D-889A-4A83-813A-3AD048D3FC5D}.Debug|x86.Build.0 = Debug|x86
		{341F570D-889A-4A83-813A-3AD048D3FC5D}.Release|x86.ActiveCfg = Release|x86
		{341F570D-889A-4A83-813A-3AD048D3FC5D}.Release|x86.Build.0 = Release|x86
		{A2F21174-6CF5-4580-B392-65F58C3CD9F4}.Debug|x86.ActiveCfg = Debug|x86
		{A2F21174-6CF5-4580-B392-65F58C3CD9F4}.Debug|x86.Build.0 = Debug|x86
		{A2F21174-6CF5-4580-B392-65F58C3CD9F4}.Release|x86.ActiveCfg = Release|x86
		{A2F21174-6CF5-4580-B392-65F58C3CD9F4}.Release|x86.Build.0 = Release|x86
		{237EBB74-D38E-43F2-A5C6-D65121BAA6D8}.Debug|x86.ActiveCfg = Debug|x86
		{237EBB74-D38E-43F2-A5C6-D65121BAA6D8}.Debug|x86.Build.0 = Debug|x86
		{237EBB74-D38E-43F2-A5C6-D65121BAA6D8}.Release|x86.ActiveCfg = Release|x86
		{237EBB74-D38E-43F2-A5C6-D65121BAA6D8}.Release|x86.Build.0 = Release|x86
		{AC446840-C6E3-45EB-90A8-749D6DAB93CF}.Debug|x86.ActiveCfg = Debug|x86
		{AC446840-C6E3-45EB-90A8-749D6DAB93CF}.Debug|x86.Build.0 = Debug|x86
		{AC446840-C6E3-45EB-90A8-749D6DAB93CF}.Release|x86.ActiveCfg = Release|x86
		{AC446840-C6E3-45EB-90A8-749D6DAB93CF}.Release|x86.Build.0 = Release|x86
		{3A83A675-0BFC-4B1A-A1B4-5D6BA7D7482E}.Debug|x86.ActiveCfg = Debug|x86
		{3A83A675-0BFC-4B1A-A1B4-5D6BA7D7482E}.Debug|x86.Build.0 = Debug|x86
		{3A83A675-0BFC-4B1A-A1B4-5D6BA7D7482E}.Release|x86.ActiveCfg = Release|x86
		{3A83A675-0BFC-4B1A-A1B4-5D6BA7D7482E}.Release|x86.Build.0 = Release|x86
	EndGlobalSection
	GlobalSection(SolutionProperties) = preSolution
		HideSolutionNode = FALSE
	EndGlobalSection
	GlobalSection(ExtensibilityGlobals) = postSolution
		SolutionGuid = {6DE72907-AF48-4DEC-A08E-BAA55FB8E8CB}
	EndGlobalSection
EndGlobal
