
Microsoft Visual Studio Solution File, Format Version 12.00
# Visual Studio Version 17
VisualStudioVersion = 17.14.36109.1
MinimumVisualStudioVersion = 10.0.40219.1
Project("{9A19103F-16F7-4668-BE54-9A1E7A4F7556}") = "AgileInspect", "AgileInspect.csproj", "{08AD6EE8-0138-45AC-B4B7-24E4B89F80CA}"
EndProject
Project("{9A19103F-16F7-4668-BE54-9A1E7A4F7556}") = "WatermarkDetectorPlugin", "..\WatermarkDetectorPlugin\WatermarkDetectorPlugin.csproj", "{A087DA84-6CCE-4A14-88D6-E39EF84057AD}"
EndProject
Project("{9A19103F-16F7-4668-BE54-9A1E7A4F7556}") = "ProcessMonitorPlugin", "..\ProcessMonitorPlugin\ProcessMonitorPlugin.csproj", "{25784D5F-CAE9-4A2C-81BE-3F2A74F45D6A}"
EndProject
Project("{9A19103F-16F7-4668-BE54-9A1E7A4F7556}") = "ServiceMonitorPlugin", "..\ServiceMonitorPlugin\ServiceMonitorPlugin.csproj", "{03CE061E-A2F8-4E3B-879F-999887C95459}"
EndProject
Project("{9A19103F-16F7-4668-BE54-9A1E7A4F7556}") = "InputMonitorPlugin", "..\InputMonitorPlugin\InputMonitorPlugin.csproj", "{CDF63005-F35E-4FD5-B06C-DE4E27C197CE}"
EndProject
Project("{9A19103F-16F7-4668-BE54-9A1E7A4F7556}") = "ResolutionDetectorPlugin", "..\ResolutionDetectorPlugin\ResolutionDetectorPlugin.csproj", "{3A1C56ED-233F-4FD8-9E6E-608DB381E575}"
EndProject
Project("{9A19103F-16F7-4668-BE54-9A1E7A4F7556}") = "DpiDetectorPlugin", "..\DpiDetectorPlugin\DpiDetectorPlugin.csproj", "{9DB3D23C-231F-4FC4-A75F-5BAA9107659B}"
EndProject
Project("{FAE04EC0-301F-11D3-BF4B-00C04F79EFBC}") = "BrightnessChangePlugin", "..\BrightnessChangePlugin\BrightnessChangePlugin.csproj", "{DB4881A9-F954-41FE-8DC2-84207C81CCAE}"
EndProject
Global
	GlobalSection(SolutionConfigurationPlatforms) = preSolution
		Debug|Any CPU = Debug|Any CPU
		Release|Any CPU = Release|Any CPU
	EndGlobalSection
	GlobalSection(ProjectConfigurationPlatforms) = postSolution
		{08AD6EE8-0138-45AC-B4B7-24E4B89F80CA}.Debug|Any CPU.ActiveCfg = Debug|Any CPU
		{08AD6EE8-0138-45AC-B4B7-24E4B89F80CA}.Debug|Any CPU.Build.0 = Debug|Any CPU
		{08AD6EE8-0138-45AC-B4B7-24E4B89F80CA}.Release|Any CPU.ActiveCfg = Release|Any CPU
		{08AD6EE8-0138-45AC-B4B7-24E4B89F80CA}.Release|Any CPU.Build.0 = Release|Any CPU
		{A087DA84-6CCE-4A14-88D6-E39EF84057AD}.Debug|Any CPU.ActiveCfg = Debug|Any CPU
		{A087DA84-6CCE-4A14-88D6-E39EF84057AD}.Debug|Any CPU.Build.0 = Debug|Any CPU
		{A087DA84-6CCE-4A14-88D6-E39EF84057AD}.Release|Any CPU.ActiveCfg = Release|Any CPU
		{A087DA84-6CCE-4A14-88D6-E39EF84057AD}.Release|Any CPU.Build.0 = Release|Any CPU
		{25784D5F-CAE9-4A2C-81BE-3F2A74F45D6A}.Debug|Any CPU.ActiveCfg = Debug|Any CPU
		{25784D5F-CAE9-4A2C-81BE-3F2A74F45D6A}.Debug|Any CPU.Build.0 = Debug|Any CPU
		{25784D5F-CAE9-4A2C-81BE-3F2A74F45D6A}.Release|Any CPU.ActiveCfg = Release|Any CPU
		{25784D5F-CAE9-4A2C-81BE-3F2A74F45D6A}.Release|Any CPU.Build.0 = Release|Any CPU
		{03CE061E-A2F8-4E3B-879F-999887C95459}.Debug|Any CPU.ActiveCfg = Debug|Any CPU
		{03CE061E-A2F8-4E3B-879F-999887C95459}.Debug|Any CPU.Build.0 = Debug|Any CPU
		{03CE061E-A2F8-4E3B-879F-999887C95459}.Release|Any CPU.ActiveCfg = Release|Any CPU
		{03CE061E-A2F8-4E3B-879F-999887C95459}.Release|Any CPU.Build.0 = Release|Any CPU
		{CDF63005-F35E-4FD5-B06C-DE4E27C197CE}.Debug|Any CPU.ActiveCfg = Debug|Any CPU
		{CDF63005-F35E-4FD5-B06C-DE4E27C197CE}.Debug|Any CPU.Build.0 = Debug|Any CPU
		{CDF63005-F35E-4FD5-B06C-DE4E27C197CE}.Release|Any CPU.ActiveCfg = Release|Any CPU
		{CDF63005-F35E-4FD5-B06C-DE4E27C197CE}.Release|Any CPU.Build.0 = Release|Any CPU
		{3A1C56ED-233F-4FD8-9E6E-608DB381E575}.Debug|Any CPU.ActiveCfg = Debug|Any CPU
		{3A1C56ED-233F-4FD8-9E6E-608DB381E575}.Debug|Any CPU.Build.0 = Debug|Any CPU
		{3A1C56ED-233F-4FD8-9E6E-608DB381E575}.Release|Any CPU.ActiveCfg = Release|Any CPU
		{3A1C56ED-233F-4FD8-9E6E-608DB381E575}.Release|Any CPU.Build.0 = Release|Any CPU
		{9DB3D23C-231F-4FC4-A75F-5BAA9107659B}.Debug|Any CPU.ActiveCfg = Debug|Any CPU
		{9DB3D23C-231F-4FC4-A75F-5BAA9107659B}.Debug|Any CPU.Build.0 = Debug|Any CPU
		{9DB3D23C-231F-4FC4-A75F-5BAA9107659B}.Release|Any CPU.ActiveCfg = Release|Any CPU
		{9DB3D23C-231F-4FC4-A75F-5BAA9107659B}.Release|Any CPU.Build.0 = Release|Any CPU
		{DB4881A9-F954-41FE-8DC2-84207C81CCAE}.Debug|Any CPU.ActiveCfg = Debug|Any CPU
		{DB4881A9-F954-41FE-8DC2-84207C81CCAE}.Debug|Any CPU.Build.0 = Debug|Any CPU
		{DB4881A9-F954-41FE-8DC2-84207C81CCAE}.Release|Any CPU.ActiveCfg = Release|Any CPU
		{DB4881A9-F954-41FE-8DC2-84207C81CCAE}.Release|Any CPU.Build.0 = Release|Any CPU
	EndGlobalSection
	GlobalSection(SolutionProperties) = preSolution
		HideSolutionNode = FALSE
	EndGlobalSection
	GlobalSection(ExtensibilityGlobals) = postSolution
		SolutionGuid = {6DE72907-AF48-4DEC-A08E-BAA55FB8E8CB}
	EndGlobalSection
EndGlobal
